
Microsoft Visual Studio Solution File, Format Version 12.00
# Visual Studio Version 16
VisualStudioVersion = 16.0.31229.75
MinimumVisualStudioVersion = 10.0.40219.1
Project("{FAE04EC0-301F-11D3-BF4B-00C04F79EFBC}") = "simpleBind", "simpleBind\simpleBind.csproj", "{58DD0CBD-D311-4182-BF49-171467495F81}"
EndProject
Global
	GlobalSection(SolutionConfigurationPlatforms) = preSolution
		Debug|Any CPU = Debug|Any CPU
		Release|Any CPU = Release|Any CPU
	EndGlobalSection
	GlobalSection(ProjectConfigurationPlatforms) = postSolution
		{58DD0CBD-D311-4182-BF49-171467495F81}.Debug|Any CPU.ActiveCfg = Debug|Any CPU
		{58DD0CBD-D311-4182-BF49-171467495F81}.Debug|Any CPU.Build.0 = Debug|Any CPU
		{58DD0CBD-D311-4182-BF49-171467495F81}.Release|Any CPU.ActiveCfg = Release|Any CPU
		{58DD0CBD-D311-4182-BF49-171467495F81}.Release|Any CPU.Build.0 = Release|Any CPU
	EndGlobalSection
	GlobalSection(SolutionProperties) = preSolution
		HideSolutionNode = FALSE
	EndGlobalSection
	GlobalSection(ExtensibilityGlobals) = postSolution
		SolutionGuid = {7C8E0379-776D-4A50-A39E-69AA8019D68B}
	EndGlobalSection
EndGlobal
